
Microsoft Visual Studio Solution File, Format Version 12.00
# Visual Studio Version 17
VisualStudioVersion = 17.11.35208.52
MinimumVisualStudioVersion = 10.0.40219.1
Project("{FAE04EC0-301F-11D3-BF4B-00C04F79EFBC}") = "SerializableHttps", "SerializableHttps\SerializableHttps.csproj", "{29512C0B-2235-4274-B4A6-6EC5152C5D68}"
EndProject
Global
	GlobalSection(SolutionConfigurationPlatforms) = preSolution
		Debug|Any CPU = Debug|Any CPU
		Release|Any CPU = Release|Any CPU
	EndGlobalSection
	GlobalSection(ProjectConfigurationPlatforms) = postSolution
		{29512C0B-2235-4274-B4A6-6EC5152C5D68}.Debug|Any CPU.ActiveCfg = Debug|Any CPU
		{29512C0B-2235-4274-B4A6-6EC5152C5D68}.Debug|Any CPU.Build.0 = Debug|Any CPU
		{29512C0B-2235-4274-B4A6-6EC5152C5D68}.Release|Any CPU.ActiveCfg = Release|Any CPU
		{29512C0B-2235-4274-B4A6-6EC5152C5D68}.Release|Any CPU.Build.0 = Release|Any CPU
	EndGlobalSection
	GlobalSection(SolutionProperties) = preSolution
		HideSolutionNode = FALSE
	EndGlobalSection
	GlobalSection(ExtensibilityGlobals) = postSolution
		SolutionGuid = {F403E2B7-ABA9-42DC-B068-344114637F4A}
	EndGlobalSection
EndGlobal
